// !$*UTF8*$!
{
	archiveVersion = 1;
	classes = {
	};
	objectVersion = 51;
	objects = {

/* Begin PBXBuildFile section */
		29010E6305CFB38275F6D9CD /* Pods_FitnessApp.framework in Frameworks */ = {isa = PBXBuildFile; fileRef = 9D42EBD17D37D6B61C9F27DA /* Pods_FitnessApp.framework */; };
		A2BD0F612577344200201B75 /* AppDelegate.swift in Sources */ = {isa = PBXBuildFile; fileRef = A2BD0F602577344200201B75 /* AppDelegate.swift */; };
		A2BD0F632577344200201B75 /* SceneDelegate.swift in Sources */ = {isa = PBXBuildFile; fileRef = A2BD0F622577344200201B75 /* SceneDelegate.swift */; };
		A2BD0F682577344200201B75 /* Main.storyboard in Resources */ = {isa = PBXBuildFile; fileRef = A2BD0F662577344200201B75 /* Main.storyboard */; };
		A2BD0F6A2577344400201B75 /* Assets.xcassets in Resources */ = {isa = PBXBuildFile; fileRef = A2BD0F692577344400201B75 /* Assets.xcassets */; };
		A2BD0F6D2577344400201B75 /* LaunchScreen.storyboard in Resources */ = {isa = PBXBuildFile; fileRef = A2BD0F6B2577344400201B75 /* LaunchScreen.storyboard */; };
		A2BD0F792577351C00201B75 /* Constants.swift in Sources */ = {isa = PBXBuildFile; fileRef = A2BD0F782577351C00201B75 /* Constants.swift */; };
		A2BD0F7D25773FA200201B75 /* WelcomeViewController.swift in Sources */ = {isa = PBXBuildFile; fileRef = A2BD0F7C25773FA200201B75 /* WelcomeViewController.swift */; };
		A2BD0F8125774A0400201B75 /* MyTableViewCell.swift in Sources */ = {isa = PBXBuildFile; fileRef = A2BD0F8025774A0400201B75 /* MyTableViewCell.swift */; };
		A2BD0F8325774AFF00201B75 /* Exercise.swift in Sources */ = {isa = PBXBuildFile; fileRef = A2BD0F8225774AFF00201B75 /* Exercise.swift */; };
		A2BD0F85257781A200201B75 /* PullUpViewController.swift in Sources */ = {isa = PBXBuildFile; fileRef = A2BD0F84257781A200201B75 /* PullUpViewController.swift */; };
		A2BD0F872577B64300201B75 /* DipsViewController.swift in Sources */ = {isa = PBXBuildFile; fileRef = A2BD0F862577B64300201B75 /* DipsViewController.swift */; };
		A2BD0F892577B86500201B75 /* PushUpViewController.swift in Sources */ = {isa = PBXBuildFile; fileRef = A2BD0F882577B86500201B75 /* PushUpViewController.swift */; };
/* End PBXBuildFile section */

/* Begin PBXFileReference section */
		646003978C8F6EE8842D9D24 /* Pods-FitnessApp.debug.xcconfig */ = {isa = PBXFileReference; includeInIndex = 1; lastKnownFileType = text.xcconfig; name = "Pods-FitnessApp.debug.xcconfig"; path = "Target Support Files/Pods-FitnessApp/Pods-FitnessApp.debug.xcconfig"; sourceTree = "<group>"; };
		9D42EBD17D37D6B61C9F27DA /* Pods_FitnessApp.framework */ = {isa = PBXFileReference; explicitFileType = wrapper.framework; includeInIndex = 0; path = Pods_FitnessApp.framework; sourceTree = BUILT_PRODUCTS_DIR; };
		A2BD0F5D2577344200201B75 /* FitnessApp.app */ = {isa = PBXFileReference; explicitFileType = wrapper.application; includeInIndex = 0; path = FitnessApp.app; sourceTree = BUILT_PRODUCTS_DIR; };
		A2BD0F602577344200201B75 /* AppDelegate.swift */ = {isa = PBXFileReference; lastKnownFileType = sourcecode.swift; path = AppDelegate.swift; sourceTree = "<group>"; };
		A2BD0F622577344200201B75 /* SceneDelegate.swift */ = {isa = PBXFileReference; lastKnownFileType = sourcecode.swift; path = SceneDelegate.swift; sourceTree = "<group>"; };
		A2BD0F672577344200201B75 /* Base */ = {isa = PBXFileReference; lastKnownFileType = file.storyboard; name = Base; path = Base.lproj/Main.storyboard; sourceTree = "<group>"; };
		A2BD0F692577344400201B75 /* Assets.xcassets */ = {isa = PBXFileReference; lastKnownFileType = folder.assetcatalog; path = Assets.xcassets; sourceTree = "<group>"; };
		A2BD0F6C2577344400201B75 /* Base */ = {isa = PBXFileReference; lastKnownFileType = file.storyboard; name = Base; path = Base.lproj/LaunchScreen.storyboard; sourceTree = "<group>"; };
		A2BD0F6E2577344400201B75 /* Info.plist */ = {isa = PBXFileReference; lastKnownFileType = text.plist.xml; path = Info.plist; sourceTree = "<group>"; };
		A2BD0F782577351C00201B75 /* Constants.swift */ = {isa = PBXFileReference; lastKnownFileType = sourcecode.swift; path = Constants.swift; sourceTree = "<group>"; };
		A2BD0F7C25773FA200201B75 /* WelcomeViewController.swift */ = {isa = PBXFileReference; lastKnownFileType = sourcecode.swift; path = WelcomeViewController.swift; sourceTree = "<group>"; };
		A2BD0F8025774A0400201B75 /* MyTableViewCell.swift */ = {isa = PBXFileReference; lastKnownFileType = sourcecode.swift; path = MyTableViewCell.swift; sourceTree = "<group>"; };
		A2BD0F8225774AFF00201B75 /* Exercise.swift */ = {isa = PBXFileReference; lastKnownFileType = sourcecode.swift; path = Exercise.swift; sourceTree = "<group>"; };
		A2BD0F84257781A200201B75 /* PullUpViewController.swift */ = {isa = PBXFileReference; lastKnownFileType = sourcecode.swift; path = PullUpViewController.swift; sourceTree = "<group>"; };
		A2BD0F862577B64300201B75 /* DipsViewController.swift */ = {isa = PBXFileReference; lastKnownFileType = sourcecode.swift; path = DipsViewController.swift; sourceTree = "<group>"; };
		A2BD0F882577B86500201B75 /* PushUpViewController.swift */ = {isa = PBXFileReference; lastKnownFileType = sourcecode.swift; path = PushUpViewController.swift; sourceTree = "<group>"; };
		AA10EB4E2657249E7175D68C /* Pods-FitnessApp.release.xcconfig */ = {isa = PBXFileReference; includeInIndex = 1; lastKnownFileType = text.xcconfig; name = "Pods-FitnessApp.release.xcconfig"; path = "Target Support Files/Pods-FitnessApp/Pods-FitnessApp.release.xcconfig"; sourceTree = "<group>"; };
/* End PBXFileReference section */

/* Begin PBXFrameworksBuildPhase section */
		A2BD0F5A2577344200201B75 /* Frameworks */ = {
			isa = PBXFrameworksBuildPhase;
			buildActionMask = 2147483647;
			files = (
				29010E6305CFB38275F6D9CD /* Pods_FitnessApp.framework in Frameworks */,
			);
			runOnlyForDeploymentPostprocessing = 0;
		};
/* End PBXFrameworksBuildPhase section */

/* Begin PBXGroup section */
		09DD4E5328049AA611E30059 /* Pods */ = {
			isa = PBXGroup;
			children = (
				646003978C8F6EE8842D9D24 /* Pods-FitnessApp.debug.xcconfig */,
				AA10EB4E2657249E7175D68C /* Pods-FitnessApp.release.xcconfig */,
			);
			path = Pods;
			sourceTree = "<group>";
		};
		403D95D02A48893BD4D5D54F /* Frameworks */ = {
			isa = PBXGroup;
			children = (
				9D42EBD17D37D6B61C9F27DA /* Pods_FitnessApp.framework */,
			);
			name = Frameworks;
			sourceTree = "<group>";
		};
		A2BD0F542577344200201B75 = {
			isa = PBXGroup;
			children = (
				A2BD0F5F2577344200201B75 /* FitnessApp */,
				A2BD0F5E2577344200201B75 /* Products */,
				09DD4E5328049AA611E30059 /* Pods */,
				403D95D02A48893BD4D5D54F /* Frameworks */,
			);
			sourceTree = "<group>";
		};
		A2BD0F5E2577344200201B75 /* Products */ = {
			isa = PBXGroup;
			children = (
				A2BD0F5D2577344200201B75 /* FitnessApp.app */,
			);
			name = Products;
			sourceTree = "<group>";
		};
		A2BD0F5F2577344200201B75 /* FitnessApp */ = {
			isa = PBXGroup;
			children = (
				A2BD0F602577344200201B75 /* AppDelegate.swift */,
				A2BD0F622577344200201B75 /* SceneDelegate.swift */,
				A2BD0F76257734C700201B75 /* Model */,
				A2BD0F75257734C000201B75 /* View */,
				A2BD0F74257734B100201B75 /* Controller */,
				A2BD0F772577350100201B75 /* Supporting Files */,
				A2BD0F6E2577344400201B75 /* Info.plist */,
				A2BD0F782577351C00201B75 /* Constants.swift */,
			);
			path = FitnessApp;
			sourceTree = "<group>";
		};
		A2BD0F74257734B100201B75 /* Controller */ = {
			isa = PBXGroup;
			children = (
				A2BD0F7C25773FA200201B75 /* WelcomeViewController.swift */,
				A2BD0F8025774A0400201B75 /* MyTableViewCell.swift */,
				A2BD0F84257781A200201B75 /* PullUpViewController.swift */,
				A2BD0F862577B64300201B75 /* DipsViewController.swift */,
				A2BD0F882577B86500201B75 /* PushUpViewController.swift */,
			);
			path = Controller;
			sourceTree = "<group>";
		};
		A2BD0F75257734C000201B75 /* View */ = {
			isa = PBXGroup;
			children = (
				A2BD0F662577344200201B75 /* Main.storyboard */,
			);
			path = View;
			sourceTree = "<group>";
		};
		A2BD0F76257734C700201B75 /* Model */ = {
			isa = PBXGroup;
			children = (
				A2BD0F8225774AFF00201B75 /* Exercise.swift */,
			);
			path = Model;
			sourceTree = "<group>";
		};
		A2BD0F772577350100201B75 /* Supporting Files */ = {
			isa = PBXGroup;
			children = (
				A2BD0F692577344400201B75 /* Assets.xcassets */,
				A2BD0F6B2577344400201B75 /* LaunchScreen.storyboard */,
			);
			path = "Supporting Files";
			sourceTree = "<group>";
		};
/* End PBXGroup section */

/* Begin PBXNativeTarget section */
		A2BD0F5C2577344200201B75 /* FitnessApp */ = {
			isa = PBXNativeTarget;
			buildConfigurationList = A2BD0F712577344400201B75 /* Build configuration list for PBXNativeTarget "FitnessApp" */;
			buildPhases = (
				1319F28E3BC9E90B6A1C9A51 /* [CP] Check Pods Manifest.lock */,
				A2BD0F592577344200201B75 /* Sources */,
				A2BD0F5A2577344200201B75 /* Frameworks */,
				A2BD0F5B2577344200201B75 /* Resources */,
				EECC4F051DDAD66D4022DAB0 /* [CP] Embed Pods Frameworks */,
			);
			buildRules = (
			);
			dependencies = (
			);
			name = FitnessApp;
			productName = FitnessApp;
			productReference = A2BD0F5D2577344200201B75 /* FitnessApp.app */;
			productType = "com.apple.product-type.application";
		};
/* End PBXNativeTarget section */

/* Begin PBXProject section */
		A2BD0F552577344200201B75 /* Project object */ = {
			isa = PBXProject;
			attributes = {
				LastSwiftUpdateCheck = 1140;
				LastUpgradeCheck = 1140;
				ORGANIZATIONNAME = Syimyk;
				TargetAttributes = {
					A2BD0F5C2577344200201B75 = {
						CreatedOnToolsVersion = 11.4.1;
					};
				};
			};
			buildConfigurationList = A2BD0F582577344200201B75 /* Build configuration list for PBXProject "FitnessApp" */;
			compatibilityVersion = "Xcode 9.3";
			developmentRegion = en;
			hasScannedForEncodings = 0;
			knownRegions = (
				en,
				Base,
			);
			mainGroup = A2BD0F542577344200201B75;
			productRefGroup = A2BD0F5E2577344200201B75 /* Products */;
			projectDirPath = "";
			projectRoot = "";
			targets = (
				A2BD0F5C2577344200201B75 /* FitnessApp */,
			);
		};
/* End PBXProject section */

/* Begin PBXResourcesBuildPhase section */
		A2BD0F5B2577344200201B75 /* Resources */ = {
			isa = PBXResourcesBuildPhase;
			buildActionMask = 2147483647;
			files = (
				A2BD0F6D2577344400201B75 /* LaunchScreen.storyboard in Resources */,
				A2BD0F6A2577344400201B75 /* Assets.xcassets in Resources */,
				A2BD0F682577344200201B75 /* Main.storyboard in Resources */,
			);
			runOnlyForDeploymentPostprocessing = 0;
		};
/* End PBXResourcesBuildPhase section */

/* Begin PBXShellScriptBuildPhase section */
		1319F28E3BC9E90B6A1C9A51 /* [CP] Check Pods Manifest.lock */ = {
			isa = PBXShellScriptBuildPhase;
			buildActionMask = 2147483647;
			files = (
			);
			inputFileListPaths = (
			);
			inputPaths = (
				"${PODS_PODFILE_DIR_PATH}/Podfile.lock",
				"${PODS_ROOT}/Manifest.lock",
			);
			name = "[CP] Check Pods Manifest.lock";
			outputFileListPaths = (
			);
			outputPaths = (
				"$(DERIVED_FILE_DIR)/Pods-FitnessApp-checkManifestLockResult.txt",
			);
			runOnlyForDeploymentPostprocessing = 0;
			shellPath = /bin/sh;
			shellScript = "diff \"${PODS_PODFILE_DIR_PATH}/Podfile.lock\" \"${PODS_ROOT}/Manifest.lock\" > /dev/null\nif [ $? != 0 ] ; then\n    # print error to STDERR\n    echo \"error: The sandbox is not in sync with the Podfile.lock. Run 'pod install' or update your CocoaPods installation.\" >&2\n    exit 1\nfi\n# This output is used by Xcode 'outputs' to avoid re-running this script phase.\necho \"SUCCESS\" > \"${SCRIPT_OUTPUT_FILE_0}\"\n";
			showEnvVarsInLog = 0;
		};
		EECC4F051DDAD66D4022DAB0 /* [CP] Embed Pods Frameworks */ = {
			isa = PBXShellScriptBuildPhase;
			buildActionMask = 2147483647;
			files = (
			);
			inputFileListPaths = (
				"${PODS_ROOT}/Target Support Files/Pods-FitnessApp/Pods-FitnessApp-frameworks-${CONFIGURATION}-input-files.xcfilelist",
			);
			name = "[CP] Embed Pods Frameworks";
			outputFileListPaths = (
				"${PODS_ROOT}/Target Support Files/Pods-FitnessApp/Pods-FitnessApp-frameworks-${CONFIGURATION}-output-files.xcfilelist",
			);
			runOnlyForDeploymentPostprocessing = 0;
			shellPath = /bin/sh;
			shellScript = "\"${PODS_ROOT}/Target Support Files/Pods-FitnessApp/Pods-FitnessApp-frameworks.sh\"\n";
			showEnvVarsInLog = 0;
		};
/* End PBXShellScriptBuildPhase section */

/* Begin PBXSourcesBuildPhase section */
		A2BD0F592577344200201B75 /* Sources */ = {
			isa = PBXSourcesBuildPhase;
			buildActionMask = 2147483647;
			files = (
				A2BD0F612577344200201B75 /* AppDelegate.swift in Sources */,
				A2BD0F7D25773FA200201B75 /* WelcomeViewController.swift in Sources */,
				A2BD0F872577B64300201B75 /* DipsViewController.swift in Sources */,
				A2BD0F85257781A200201B75 /* PullUpViewController.swift in Sources */,
				A2BD0F632577344200201B75 /* SceneDelegate.swift in Sources */,
				A2BD0F8125774A0400201B75 /* MyTableViewCell.swift in Sources */,
				A2BD0F792577351C00201B75 /* Constants.swift in Sources */,
				A2BD0F8325774AFF00201B75 /* Exercise.swift in Sources */,
				A2BD0F892577B86500201B75 /* PushUpViewController.swift in Sources */,
			);
			runOnlyForDeploymentPostprocessing = 0;
		};
/* End PBXSourcesBuildPhase section */

/* Begin PBXVariantGroup section */
		A2BD0F662577344200201B75 /* Main.storyboard */ = {
			isa = PBXVariantGroup;
			children = (
				A2BD0F672577344200201B75 /* Base */,
			);
			name = Main.storyboard;
			sourceTree = "<group>";
		};
		A2BD0F6B2577344400201B75 /* LaunchScreen.storyboard */ = {
			isa = PBXVariantGroup;
			children = (
				A2BD0F6C2577344400201B75 /* Base */,
			);
			name = LaunchScreen.storyboard;
			sourceTree = "<group>";
		};
/* End PBXVariantGroup section */

/* Begin XCBuildConfiguration section */
		A2BD0F6F2577344400201B75 /* Debug */ = {
			isa = XCBuildConfiguration;
			buildSettings = {
				ALWAYS_SEARCH_USER_PATHS = NO;
				CLANG_ANALYZER_NONNULL = YES;
				CLANG_ANALYZER_NUMBER_OBJECT_CONVERSION = YES_AGGRESSIVE;
				CLANG_CXX_LANGUAGE_STANDARD = "gnu++14";
				CLANG_CXX_LIBRARY = "libc++";
				CLANG_ENABLE_MODULES = YES;
				CLANG_ENABLE_OBJC_ARC = YES;
				CLANG_ENABLE_OBJC_WEAK = YES;
				CLANG_WARN_BLOCK_CAPTURE_AUTORELEASING = YES;
				CLANG_WARN_BOOL_CONVERSION = YES;
				CLANG_WARN_COMMA = YES;
				CLANG_WARN_CONSTANT_CONVERSION = YES;
				CLANG_WARN_DEPRECATED_OBJC_IMPLEMENTATIONS = YES;
				CLANG_WARN_DIRECT_OBJC_ISA_USAGE = YES_ERROR;
				CLANG_WARN_DOCUMENTATION_COMMENTS = YES;
				CLANG_WARN_EMPTY_BODY = YES;
				CLANG_WARN_ENUM_CONVERSION = YES;
				CLANG_WARN_INFINITE_RECURSION = YES;
				CLANG_WARN_INT_CONVERSION = YES;
				CLANG_WARN_NON_LITERAL_NULL_CONVERSION = YES;
				CLANG_WARN_OBJC_IMPLICIT_RETAIN_SELF = YES;
				CLANG_WARN_OBJC_LITERAL_CONVERSION = YES;
				CLANG_WARN_OBJC_ROOT_CLASS = YES_ERROR;
				CLANG_WARN_RANGE_LOOP_ANALYSIS = YES;
				CLANG_WARN_STRICT_PROTOTYPES = YES;
				CLANG_WARN_SUSPICIOUS_MOVE = YES;
				CLANG_WARN_UNGUARDED_AVAILABILITY = YES_AGGRESSIVE;
				CLANG_WARN_UNREACHABLE_CODE = YES;
				CLANG_WARN__DUPLICATE_METHOD_MATCH = YES;
				COPY_PHASE_STRIP = NO;
				DEBUG_INFORMATION_FORMAT = dwarf;
				ENABLE_STRICT_OBJC_MSGSEND = YES;
				ENABLE_TESTABILITY = YES;
				GCC_C_LANGUAGE_STANDARD = gnu11;
				GCC_DYNAMIC_NO_PIC = NO;
				GCC_NO_COMMON_BLOCKS = YES;
				GCC_OPTIMIZATION_LEVEL = 0;
				GCC_PREPROCESSOR_DEFINITIONS = (
					"DEBUG=1",
					"$(inherited)",
				);
				GCC_WARN_64_TO_32_BIT_CONVERSION = YES;
				GCC_WARN_ABOUT_RETURN_TYPE = YES_ERROR;
				GCC_WARN_UNDECLARED_SELECTOR = YES;
				GCC_WARN_UNINITIALIZED_AUTOS = YES_AGGRESSIVE;
				GCC_WARN_UNUSED_FUNCTION = YES;
				GCC_WARN_UNUSED_VARIABLE = YES;
				IPHONEOS_DEPLOYMENT_TARGET = 13.4;
				MTL_ENABLE_DEBUG_INFO = INCLUDE_SOURCE;
				MTL_FAST_MATH = YES;
				ONLY_ACTIVE_ARCH = YES;
				SDKROOT = iphoneos;
				SWIFT_ACTIVE_COMPILATION_CONDITIONS = DEBUG;
				SWIFT_OPTIMIZATION_LEVEL = "-Onone";
			};
			name = Debug;
		};
		A2BD0F702577344400201B75 /* Release */ = {
			isa = XCBuildConfiguration;
			buildSettings = {
				ALWAYS_SEARCH_USER_PATHS = NO;
				CLANG_ANALYZER_NONNULL = YES;
				CLANG_ANALYZER_NUMBER_OBJECT_CONVERSION = YES_AGGRESSIVE;
				CLANG_CXX_LANGUAGE_STANDARD = "gnu++14";
				CLANG_CXX_LIBRARY = "libc++";
				CLANG_ENABLE_MODULES = YES;
				CLANG_ENABLE_OBJC_ARC = YES;
				CLANG_ENABLE_OBJC_WEAK = YES;
				CLANG_WARN_BLOCK_CAPTURE_AUTORELEASING = YES;
				CLANG_WARN_BOOL_CONVERSION = YES;
				CLANG_WARN_COMMA = YES;
				CLANG_WARN_CONSTANT_CONVERSION = YES;
				CLANG_WARN_DEPRECATED_OBJC_IMPLEMENTATIONS = YES;
				CLANG_WARN_DIRECT_OBJC_ISA_USAGE = YES_ERROR;
				CLANG_WARN_DOCUMENTATION_COMMENTS = YES;
				CLANG_WARN_EMPTY_BODY = YES;
				CLANG_WARN_ENUM_CONVERSION = YES;
				CLANG_WARN_INFINITE_RECURSION = YES;
				CLANG_WARN_INT_CONVERSION = YES;
				CLANG_WARN_NON_LITERAL_NULL_CONVERSION = YES;
				CLANG_WARN_OBJC_IMPLICIT_RETAIN_SELF = YES;
				CLANG_WARN_OBJC_LITERAL_CONVERSION = YES;
				CLANG_WARN_OBJC_ROOT_CLASS = YES_ERROR;
				CLANG_WARN_RANGE_LOOP_ANALYSIS = YES;
				CLANG_WARN_STRICT_PROTOTYPES = YES;
				CLANG_WARN_SUSPICIOUS_MOVE = YES;
				CLANG_WARN_UNGUARDED_AVAILABILITY = YES_AGGRESSIVE;
				CLANG_WARN_UNREACHABLE_CODE = YES;
				CLANG_WARN__DUPLICATE_METHOD_MATCH = YES;
				COPY_PHASE_STRIP = NO;
				DEBUG_INFORMATION_FORMAT = "dwarf-with-dsym";
				ENABLE_NS_ASSERTIONS = NO;
				ENABLE_STRICT_OBJC_MSGSEND = YES;
				GCC_C_LANGUAGE_STANDARD = gnu11;
				GCC_NO_COMMON_BLOCKS = YES;
				GCC_WARN_64_TO_32_BIT_CONVERSION = YES;
				GCC_WARN_ABOUT_RETURN_TYPE = YES_ERROR;
				GCC_WARN_UNDECLARED_SELECTOR = YES;
				GCC_WARN_UNINITIALIZED_AUTOS = YES_AGGRESSIVE;
				GCC_WARN_UNUSED_FUNCTION = YES;
				GCC_WARN_UNUSED_VARIABLE = YES;
				IPHONEOS_DEPLOYMENT_TARGET = 13.4;
				MTL_ENABLE_DEBUG_INFO = NO;
				MTL_FAST_MATH = YES;
				SDKROOT = iphoneos;
				SWIFT_COMPILATION_MODE = wholemodule;
				SWIFT_OPTIMIZATION_LEVEL = "-O";
				VALIDATE_PRODUCT = YES;
			};
			name = Release;
		};
		A2BD0F722577344400201B75 /* Debug */ = {
			isa = XCBuildConfiguration;
			baseConfigurationReference = 646003978C8F6EE8842D9D24 /* Pods-FitnessApp.debug.xcconfig */;
			buildSettings = {
				ASSETCATALOG_COMPILER_APPICON_NAME = AppIcon;
				CODE_SIGN_STYLE = Automatic;
				INFOPLIST_FILE = FitnessApp/Info.plist;
				LD_RUNPATH_SEARCH_PATHS = (
					"$(inherited)",
					"@executable_path/Frameworks",
				);
				PRODUCT_BUNDLE_IDENTIFIER = co.syimyk.FitnessApp;
				PRODUCT_NAME = "$(TARGET_NAME)";
				SWIFT_VERSION = 5.0;
				TARGETED_DEVICE_FAMILY = "1,2";
			};
			name = Debug;
		};
		A2BD0F732577344400201B75 /* Release */ = {
			isa = XCBuildConfiguration;
			baseConfigurationReference = AA10EB4E2657249E7175D68C /* Pods-FitnessApp.release.xcconfig */;
			buildSettings = {
				ASSETCATALOG_COMPILER_APPICON_NAME = AppIcon;
				CODE_SIGN_STYLE = Automatic;
				INFOPLIST_FILE = FitnessApp/Info.plist;
				LD_RUNPATH_SEARCH_PATHS = (
					"$(inherited)",
					"@executable_path/Frameworks",
				);
				PRODUCT_BUNDLE_IDENTIFIER = co.syimyk.FitnessApp;
				PRODUCT_NAME = "$(TARGET_NAME)";
				SWIFT_VERSION = 5.0;
				TARGETED_DEVICE_FAMILY = "1,2";
			};
			name = Release;
		};
/* End XCBuildConfiguration section */

/* Begin XCConfigurationList section */
		A2BD0F582577344200201B75 /* Build configuration list for PBXProject "FitnessApp" */ = {
			isa = XCConfigurationList;
			buildConfigurations = (
				A2BD0F6F2577344400201B75 /* Debug */,
				A2BD0F702577344400201B75 /* Release */,
			);
			defaultConfigurationIsVisible = 0;
			defaultConfigurationName = Release;
		};
		A2BD0F712577344400201B75 /* Build configuration list for PBXNativeTarget "FitnessApp" */ = {
			isa = XCConfigurationList;
			buildConfigurations = (
				A2BD0F722577344400201B75 /* Debug */,
				A2BD0F732577344400201B75 /* Release */,
			);
			defaultConfigurationIsVisible = 0;
			defaultConfigurationName = Release;
		};
/* End XCConfigurationList section */
	};
	rootObject = A2BD0F552577344200201B75 /* Project object */;
}
